
Microsoft Visual Studio Solution File, Format Version 12.00
# Visual Studio Version 16
VisualStudioVersion = 16.0.30128.74
MinimumVisualStudioVersion = 10.0.40219.1
Project("{FAE04EC0-301F-11D3-BF4B-00C04F79EFBC}") = "Receptor", "KDC\Receptor.csproj", "{DBB8D8F0-48FC-4C8A-9B62-C6E0AE95BB00}"
EndProject
Project("{FAE04EC0-301F-11D3-BF4B-00C04F79EFBC}") = "Inicidador", "Inicidador\Inicidador.csproj", "{542134A5-7D76-4E0B-A433-561EE8CC3130}"
EndProject
Project("{FAE04EC0-301F-11D3-BF4B-00C04F79EFBC}") = "ProyectoKDC", "Receptor\ProyectoKDC.csproj", "{A768CC19-56D4-4C9A-8EB1-EAF90FF175BC}"
EndProject
Project("{D954291E-2A0B-460D-934E-DC6B0785DB48}") = "Utils", "Utils\Utils.shproj", "{AA11046C-B4C3-4547-84D6-82804E8107D2}"
EndProject
Global
	GlobalSection(SharedMSBuildProjectFiles) = preSolution
		Utils\Utils.projitems*{542134a5-7d76-4e0b-a433-561ee8cc3130}*SharedItemsImports = 4
		Utils\Utils.projitems*{a768cc19-56d4-4c9a-8eb1-eaf90ff175bc}*SharedItemsImports = 4
		Utils\Utils.projitems*{aa11046c-b4c3-4547-84d6-82804e8107d2}*SharedItemsImports = 13
		Utils\Utils.projitems*{dbb8d8f0-48fc-4c8a-9b62-c6e0ae95bb00}*SharedItemsImports = 4
	EndGlobalSection
	GlobalSection(SolutionConfigurationPlatforms) = preSolution
		Debug|Any CPU = Debug|Any CPU
		Release|Any CPU = Release|Any CPU
	EndGlobalSection
	GlobalSection(ProjectConfigurationPlatforms) = postSolution
		{DBB8D8F0-48FC-4C8A-9B62-C6E0AE95BB00}.Debug|Any CPU.ActiveCfg = Debug|Any CPU
		{DBB8D8F0-48FC-4C8A-9B62-C6E0AE95BB00}.Debug|Any CPU.Build.0 = Debug|Any CPU
		{DBB8D8F0-48FC-4C8A-9B62-C6E0AE95BB00}.Release|Any CPU.ActiveCfg = Release|Any CPU
		{DBB8D8F0-48FC-4C8A-9B62-C6E0AE95BB00}.Release|Any CPU.Build.0 = Release|Any CPU
		{542134A5-7D76-4E0B-A433-561EE8CC3130}.Debug|Any CPU.ActiveCfg = Debug|Any CPU
		{542134A5-7D76-4E0B-A433-561EE8CC3130}.Debug|Any CPU.Build.0 = Debug|Any CPU
		{542134A5-7D76-4E0B-A433-561EE8CC3130}.Release|Any CPU.ActiveCfg = Release|Any CPU
		{542134A5-7D76-4E0B-A433-561EE8CC3130}.Release|Any CPU.Build.0 = Release|Any CPU
		{A768CC19-56D4-4C9A-8EB1-EAF90FF175BC}.Debug|Any CPU.ActiveCfg = Debug|Any CPU
		{A768CC19-56D4-4C9A-8EB1-EAF90FF175BC}.Debug|Any CPU.Build.0 = Debug|Any CPU
		{A768CC19-56D4-4C9A-8EB1-EAF90FF175BC}.Release|Any CPU.ActiveCfg = Release|Any CPU
		{A768CC19-56D4-4C9A-8EB1-EAF90FF175BC}.Release|Any CPU.Build.0 = Release|Any CPU
	EndGlobalSection
	GlobalSection(SolutionProperties) = preSolution
		HideSolutionNode = FALSE
	EndGlobalSection
	GlobalSection(ExtensibilityGlobals) = postSolution
		SolutionGuid = {19B8C908-40C5-4AC9-A50B-A511D4D9EC72}
	EndGlobalSection
EndGlobal
